
Microsoft Visual Studio Solution File, Format Version 12.00
# Visual Studio Version 17
VisualStudioVersion = 17.6.33829.357
MinimumVisualStudioVersion = 10.0.40219.1
Project("{FAE04EC0-301F-11D3-BF4B-00C04F79EFBC}") = "Allergy Records Project", "Allergy Records Project.csproj", "{312BA255-4D73-4E93-A7C6-9712D5050F7F}"
EndProject
Global
	GlobalSection(SolutionConfigurationPlatforms) = preSolution
		Debug|Any CPU = Debug|Any CPU
		Release|Any CPU = Release|Any CPU
	EndGlobalSection
	GlobalSection(ProjectConfigurationPlatforms) = postSolution
		{312BA255-4D73-4E93-A7C6-9712D5050F7F}.Debug|Any CPU.ActiveCfg = Debug|Any CPU
		{312BA255-4D73-4E93-A7C6-9712D5050F7F}.Debug|Any CPU.Build.0 = Debug|Any CPU
		{312BA255-4D73-4E93-A7C6-9712D5050F7F}.Release|Any CPU.ActiveCfg = Release|Any CPU
		{312BA255-4D73-4E93-A7C6-9712D5050F7F}.Release|Any CPU.Build.0 = Release|Any CPU
	EndGlobalSection
	GlobalSection(SolutionProperties) = preSolution
		HideSolutionNode = FALSE
	EndGlobalSection
	GlobalSection(ExtensibilityGlobals) = postSolution
		SolutionGuid = {C0999943-C0AB-40F2-9AEE-8899763DF6FD}
	EndGlobalSection
EndGlobal
